Microsoft Visual Studio Solution File, Format Version 12.00
# Visual Studio Version 17
VisualStudioVersion = 17.5.2.0
MinimumVisualStudioVersion = 10.0.40219.1
Project("{FAE04EC0-301F-11D3-BF4B-00C04F79EFBC}") = "Task1_Fibo_Prime", "Task1_Fibo_Prime.csproj", "{B31118AF-E9CE-856E-BED5-74D56F9ADDA1}"
EndProject
Global
	GlobalSection(SolutionConfigurationPlatforms) = preSolution
		Debug|Any CPU = Debug|Any CPU
		Release|Any CPU = Release|Any CPU
	EndGlobalSection
	GlobalSection(ProjectConfigurationPlatforms) = postSolution
		{B31118AF-E9CE-856E-BED5-74D56F9ADDA1}.Debug|Any CPU.ActiveCfg = Debug|Any CPU
		{B31118AF-E9CE-856E-BED5-74D56F9ADDA1}.Debug|Any CPU.Build.0 = Debug|Any CPU
		{B31118AF-E9CE-856E-BED5-74D56F9ADDA1}.Release|Any CPU.ActiveCfg = Release|Any CPU
		{B31118AF-E9CE-856E-BED5-74D56F9ADDA1}.Release|Any CPU.Build.0 = Release|Any CPU
	EndGlobalSection
	GlobalSection(SolutionProperties) = preSolution
		HideSolutionNode = FALSE
	EndGlobalSection
	GlobalSection(ExtensibilityGlobals) = postSolution
		SolutionGuid = {AAA39A6B-2BB3-41AD-A9D5-BD281A0E2F20}
	EndGlobalSection
EndGlobal
